
Microsoft Visual Studio Solution File, Format Version 12.00
# Visual Studio Version 17
VisualStudioVersion = 17.7.34302.85
MinimumVisualStudioVersion = 10.0.40219.1
Project("{9A19103F-16F7-4668-BE54-9A1E7A4F7556}") = "ConstructionApplication", "ConstructionApplication.csproj", "{7A5A37DF-598B-464F-BB31-B0001498F936}"
EndProject
Project("{9A19103F-16F7-4668-BE54-9A1E7A4F7556}") = "ConstructionApplication.Core", "..\ConstructionApplication.Core\ConstructionApplication.Core.csproj", "{38D9CD3B-7CA6-4F19-BF36-E52AD5699B84}"
EndProject
Project("{FAE04EC0-301F-11D3-BF4B-00C04F79EFBC}") = "ConstructionApplication.Repository", "..\ConstructionApplication.Repository\ConstructionApplication.Repository.csproj", "{9396D0FD-C7B2-4637-A378-C6E565AD0A4E}"
EndProject
Project("{00D1A9C2-B5F0-4AF3-8072-F6C62B433612}") = "ConstructionDB", "..\ConstructionApplication.Database\ConstructionDB.sqlproj", "{390CE53F-5F18-49B9-8DA3-6CE4012B4EC0}"
EndProject
Project("{FAE04EC0-301F-11D3-BF4B-00C04F79EFBC}") = "ConstructEase.WebApp", "..\ConstructEase.WebApp\ConstructEase.WebApp.csproj", "{A95D3E68-69D1-492B-9CC0-BBBBB3FF2ED6}"
EndProject
Global
	GlobalSection(SolutionConfigurationPlatforms) = preSolution
		Debug|Any CPU = Debug|Any CPU
		Release|Any CPU = Release|Any CPU
	EndGlobalSection
	GlobalSection(ProjectConfigurationPlatforms) = postSolution
		{7A5A37DF-598B-464F-BB31-B0001498F936}.Debug|Any CPU.ActiveCfg = Debug|Any CPU
		{7A5A37DF-598B-464F-BB31-B0001498F936}.Debug|Any CPU.Build.0 = Debug|Any CPU
		{7A5A37DF-598B-464F-BB31-B0001498F936}.Release|Any CPU.ActiveCfg = Release|Any CPU
		{7A5A37DF-598B-464F-BB31-B0001498F936}.Release|Any CPU.Build.0 = Release|Any CPU
		{38D9CD3B-7CA6-4F19-BF36-E52AD5699B84}.Debug|Any CPU.ActiveCfg = Debug|Any CPU
		{38D9CD3B-7CA6-4F19-BF36-E52AD5699B84}.Debug|Any CPU.Build.0 = Debug|Any CPU
		{38D9CD3B-7CA6-4F19-BF36-E52AD5699B84}.Release|Any CPU.ActiveCfg = Release|Any CPU
		{38D9CD3B-7CA6-4F19-BF36-E52AD5699B84}.Release|Any CPU.Build.0 = Release|Any CPU
		{9396D0FD-C7B2-4637-A378-C6E565AD0A4E}.Debug|Any CPU.ActiveCfg = Debug|Any CPU
		{9396D0FD-C7B2-4637-A378-C6E565AD0A4E}.Debug|Any CPU.Build.0 = Debug|Any CPU
		{9396D0FD-C7B2-4637-A378-C6E565AD0A4E}.Release|Any CPU.ActiveCfg = Release|Any CPU
		{9396D0FD-C7B2-4637-A378-C6E565AD0A4E}.Release|Any CPU.Build.0 = Release|Any CPU
		{390CE53F-5F18-49B9-8DA3-6CE4012B4EC0}.Debug|Any CPU.ActiveCfg = Debug|Any CPU
		{390CE53F-5F18-49B9-8DA3-6CE4012B4EC0}.Debug|Any CPU.Build.0 = Debug|Any CPU
		{390CE53F-5F18-49B9-8DA3-6CE4012B4EC0}.Debug|Any CPU.Deploy.0 = Debug|Any CPU
		{390CE53F-5F18-49B9-8DA3-6CE4012B4EC0}.Release|Any CPU.ActiveCfg = Release|Any CPU
		{390CE53F-5F18-49B9-8DA3-6CE4012B4EC0}.Release|Any CPU.Build.0 = Release|Any CPU
		{390CE53F-5F18-49B9-8DA3-6CE4012B4EC0}.Release|Any CPU.Deploy.0 = Release|Any CPU
		{A95D3E68-69D1-492B-9CC0-BBBBB3FF2ED6}.Debug|Any CPU.ActiveCfg = Debug|Any CPU
		{A95D3E68-69D1-492B-9CC0-BBBBB3FF2ED6}.Debug|Any CPU.Build.0 = Debug|Any CPU
		{A95D3E68-69D1-492B-9CC0-BBBBB3FF2ED6}.Release|Any CPU.ActiveCfg = Release|Any CPU
		{A95D3E68-69D1-492B-9CC0-BBBBB3FF2ED6}.Release|Any CPU.Build.0 = Release|Any CPU
	EndGlobalSection
	GlobalSection(SolutionProperties) = preSolution
		HideSolutionNode = FALSE
	EndGlobalSection
	GlobalSection(ExtensibilityGlobals) = postSolution
		SolutionGuid = {23194504-E7C1-4638-9CB2-C5043FB89FC7}
	EndGlobalSection
EndGlobal
