
Microsoft Visual Studio Solution File, Format Version 12.00
# Visual Studio Version 17
VisualStudioVersion = 17.7.34302.85
MinimumVisualStudioVersion = 10.0.40219.1
Project("{FAE04EC0-301F-11D3-BF4B-00C04F79EFBC}") = "Html&JsDemo", "Html&JsDemo.csproj", "{0DA29364-695F-4F4A-B333-A5F26F3AC8EE}"
EndProject
Global
	GlobalSection(SolutionConfigurationPlatforms) = preSolution
		Debug|Any CPU = Debug|Any CPU
		Release|Any CPU = Release|Any CPU
	EndGlobalSection
	GlobalSection(ProjectConfigurationPlatforms) = postSolution
		{0DA29364-695F-4F4A-B333-A5F26F3AC8EE}.Debug|Any CPU.ActiveCfg = Debug|Any CPU
		{0DA29364-695F-4F4A-B333-A5F26F3AC8EE}.Debug|Any CPU.Build.0 = Debug|Any CPU
		{0DA29364-695F-4F4A-B333-A5F26F3AC8EE}.Release|Any CPU.ActiveCfg = Release|Any CPU
		{0DA29364-695F-4F4A-B333-A5F26F3AC8EE}.Release|Any CPU.Build.0 = Release|Any CPU
	EndGlobalSection
	GlobalSection(SolutionProperties) = preSolution
		HideSolutionNode = FALSE
	EndGlobalSection
	GlobalSection(ExtensibilityGlobals) = postSolution
		SolutionGuid = {39411D62-64A9-43EF-BE07-3403CB5C4CEC}
	EndGlobalSection
EndGlobal
